// !$*UTF8*$!
{
	archiveVersion = 1;
	classes = {
	};
	objectVersion = 51;
	objects = {

/* Begin PBXBuildFile section */
		161CB84224CE8AE50006DC0D /* NavigationConfigurator.swift in Sources */ = {isa = PBXBuildFile; fileRef = 161CB84124CE8AE50006DC0D /* NavigationConfigurator.swift */; };
		161CB84724CFC06D0006DC0D /* UserInfo.swift in Sources */ = {isa = PBXBuildFile; fileRef = 161CB84624CFC06D0006DC0D /* UserInfo.swift */; };
		1661D66424FE3F3700AF56E7 /* SignupView.swift in Sources */ = {isa = PBXBuildFile; fileRef = 1661D66324FE3F3700AF56E7 /* SignupView.swift */; };
		166D045624FCBE99009373E8 /* MainView.swift in Sources */ = {isa = PBXBuildFile; fileRef = 166D045524FCBE99009373E8 /* MainView.swift */; };
		16A0C4C924E113670015DCAC /* ReservationView.swift in Sources */ = {isa = PBXBuildFile; fileRef = 16A0C4C824E113670015DCAC /* ReservationView.swift */; };
		16A0C50824EB84A50015DCAC /* Extension.swift in Sources */ = {isa = PBXBuildFile; fileRef = 16A0C50724EB84A50015DCAC /* Extension.swift */; };
		16A0C54824F501590015DCAC /* CenterLocation.swift in Sources */ = {isa = PBXBuildFile; fileRef = 16A0C54724F501590015DCAC /* CenterLocation.swift */; };
		16A0C54A24F51E5B0015DCAC /* PlaceAutocompleteSearch.swift in Sources */ = {isa = PBXBuildFile; fileRef = 16A0C54924F51E5B0015DCAC /* PlaceAutocompleteSearch.swift */; };
		16AF295E24B6E47100836C81 /* AppDelegate.swift in Sources */ = {isa = PBXBuildFile; fileRef = 16AF295D24B6E47100836C81 /* AppDelegate.swift */; };
		16AF296024B6E47100836C81 /* SceneDelegate.swift in Sources */ = {isa = PBXBuildFile; fileRef = 16AF295F24B6E47100836C81 /* SceneDelegate.swift */; };
		16AF296224B6E47100836C81 /* ContentView.swift in Sources */ = {isa = PBXBuildFile; fileRef = 16AF296124B6E47100836C81 /* ContentView.swift */; };
		16AF296424B6E47400836C81 /* Assets.xcassets in Resources */ = {isa = PBXBuildFile; fileRef = 16AF296324B6E47400836C81 /* Assets.xcassets */; };
		16AF296724B6E47400836C81 /* Preview Assets.xcassets in Resources */ = {isa = PBXBuildFile; fileRef = 16AF296624B6E47400836C81 /* Preview Assets.xcassets */; };
		16AF296A24B6E47400836C81 /* LaunchScreen.storyboard in Resources */ = {isa = PBXBuildFile; fileRef = 16AF296824B6E47400836C81 /* LaunchScreen.storyboard */; };
		16AF297524B6E47400836C81 /* Seoul_ParkingTests.swift in Sources */ = {isa = PBXBuildFile; fileRef = 16AF297424B6E47400836C81 /* Seoul_ParkingTests.swift */; };
		16AF298024B6E47500836C81 /* Seoul_ParkingUITests.swift in Sources */ = {isa = PBXBuildFile; fileRef = 16AF297F24B6E47500836C81 /* Seoul_ParkingUITests.swift */; };
		16AF298F24B6F1C000836C81 /* Constants.swift in Sources */ = {isa = PBXBuildFile; fileRef = 16AF298E24B6F1C000836C81 /* Constants.swift */; };
		16AF299124B6F39800836C81 /* GoogleMapsView.swift in Sources */ = {isa = PBXBuildFile; fileRef = 16AF299024B6F39800836C81 /* GoogleMapsView.swift */; };
		16AF299324B7FAAC00836C81 /* LocationManager.swift in Sources */ = {isa = PBXBuildFile; fileRef = 16AF299224B7FAAC00836C81 /* LocationManager.swift */; };
		16AF299524B8236400836C81 /* MenuView.swift in Sources */ = {isa = PBXBuildFile; fileRef = 16AF299424B8236400836C81 /* MenuView.swift */; };
		16AF299724B8319400836C81 /* GeometryGetter.swift in Sources */ = {isa = PBXBuildFile; fileRef = 16AF299624B8319400836C81 /* GeometryGetter.swift */; };
		16BE9F1A25076045009A61BD /* PaymentHistoryView.swift in Sources */ = {isa = PBXBuildFile; fileRef = 16BE9F1925076045009A61BD /* PaymentHistoryView.swift */; };
		16BE9F1C25076059009A61BD /* PayView.swift in Sources */ = {isa = PBXBuildFile; fileRef = 16BE9F1B25076059009A61BD /* PayView.swift */; };
		16DC741B24BD67970036734F /* ParkingSpace.swift in Sources */ = {isa = PBXBuildFile; fileRef = 16DC741A24BD67970036734F /* ParkingSpace.swift */; };
		16DC743124C004AE0036734F /* LoginView.swift in Sources */ = {isa = PBXBuildFile; fileRef = 16DC743024C004AE0036734F /* LoginView.swift */; };
		16E8980924DBF327001907A0 /* ParkingSpaceInfoView.swift in Sources */ = {isa = PBXBuildFile; fileRef = 16E8980824DBF327001907A0 /* ParkingSpaceInfoView.swift */; };
		16E8980B24DD3179001907A0 /* AvailableHoursView.swift in Sources */ = {isa = PBXBuildFile; fileRef = 16E8980A24DD3179001907A0 /* AvailableHoursView.swift */; };
		16FB34AA24C54B9F007A05F9 /* KakaoOpenSDK-1.23.3 in Resources */ = {isa = PBXBuildFile; fileRef = 16FB34A924C54B9F007A05F9 /* KakaoOpenSDK-1.23.3 */; };
		16FB34AC24C54C3F007A05F9 /* KakaoOpenSDK.framework in Frameworks */ = {isa = PBXBuildFile; fileRef = 16FB34AB24C54C3F007A05F9 /* KakaoOpenSDK.framework */; };
		16FB34AD24C54C3F007A05F9 /* KakaoOpenSDK.framework in Embed Frameworks */ = {isa = PBXBuildFile; fileRef = 16FB34AB24C54C3F007A05F9 /* KakaoOpenSDK.framework */; settings = {ATTRIBUTES = (CodeSignOnCopy, RemoveHeadersOnCopy, ); }; };
		16FB34B024C54C43007A05F9 /* KakaoCommon.framework in Frameworks */ = {isa = PBXBuildFile; fileRef = 16FB34AF24C54C43007A05F9 /* KakaoCommon.framework */; };
		16FB34B124C54C43007A05F9 /* KakaoCommon.framework in Embed Frameworks */ = {isa = PBXBuildFile; fileRef = 16FB34AF24C54C43007A05F9 /* KakaoCommon.framework */; settings = {ATTRIBUTES = (CodeSignOnCopy, RemoveHeadersOnCopy, ); }; };
		16FB34B324C6C5E9007A05F9 /* EmailLoginView.swift in Sources */ = {isa = PBXBuildFile; fileRef = 16FB34B224C6C5E9007A05F9 /* EmailLoginView.swift */; };
		16FB34B524C6C868007A05F9 /* EmailSignupView.swift in Sources */ = {isa = PBXBuildFile; fileRef = 16FB34B424C6C868007A05F9 /* EmailSignupView.swift */; };
		16FB34B724C82493007A05F9 /* Login.swift in Sources */ = {isa = PBXBuildFile; fileRef = 16FB34B624C82493007A05F9 /* Login.swift */; };
		2985E8F7D900143FEDF2BEAF /* Pods_Seoul_ParkingTests.framework in Frameworks */ = {isa = PBXBuildFile; fileRef = 2F1B5600818D5D8428C1C6B7 /* Pods_Seoul_ParkingTests.framework */; };
		4E7E64CD6DAECF9814F0E5FE /* Pods_Seoul_Parking_Seoul_ParkingUITests.framework in Frameworks */ = {isa = PBXBuildFile; fileRef = 28E882CCC71B7348256E1520 /* Pods_Seoul_Parking_Seoul_ParkingUITests.framework */; };
		AFBE4732AFC3DCC5B54841BB /* Pods_Seoul_Parking.framework in Frameworks */ = {isa = PBXBuildFile; fileRef = 0BC94EEE0F54808490DC1D45 /* Pods_Seoul_Parking.framework */; };
/* End PBXBuildFile section */

/* Begin PBXContainerItemProxy section */
		16AF297124B6E47400836C81 /* PBXContainerItemProxy */ = {
			isa = PBXContainerItemProxy;
			containerPortal = 16AF295224B6E47100836C81 /* Project object */;
			proxyType = 1;
			remoteGlobalIDString = 16AF295924B6E47100836C81;
			remoteInfo = "Seoul Parking";
		};
		16AF297C24B6E47500836C81 /* PBXContainerItemProxy */ = {
			isa = PBXContainerItemProxy;
			containerPortal = 16AF295224B6E47100836C81 /* Project object */;
			proxyType = 1;
			remoteGlobalIDString = 16AF295924B6E47100836C81;
			remoteInfo = "Seoul Parking";
		};
/* End PBXContainerItemProxy section */

/* Begin PBXCopyFilesBuildPhase section */
		16FB34AE24C54C40007A05F9 /* Embed Frameworks */ = {
			isa = PBXCopyFilesBuildPhase;
			buildActionMask = 2147483647;
			dstPath = "";
			dstSubfolderSpec = 10;
			files = (
				16FB34AD24C54C3F007A05F9 /* KakaoOpenSDK.framework in Embed Frameworks */,
				16FB34B124C54C43007A05F9 /* KakaoCommon.framework in Embed Frameworks */,
			);
			name = "Embed Frameworks";
			runOnlyForDeploymentPostprocessing = 0;
		};
/* End PBXCopyFilesBuildPhase section */

/* Begin PBXFileReference section */
		0BC94EEE0F54808490DC1D45 /* Pods_Seoul_Parking.framework */ = {isa = PBXFileReference; explicitFileType = wrapper.framework; includeInIndex = 0; path = Pods_Seoul_Parking.framework; sourceTree = BUILT_PRODUCTS_DIR; };
		161CB84124CE8AE50006DC0D /* NavigationConfigurator.swift */ = {isa = PBXFileReference; lastKnownFileType = sourcecode.swift; path = NavigationConfigurator.swift; sourceTree = "<group>"; };
		161CB84624CFC06D0006DC0D /* UserInfo.swift */ = {isa = PBXFileReference; lastKnownFileType = sourcecode.swift; path = UserInfo.swift; sourceTree = "<group>"; };
		1661D66324FE3F3700AF56E7 /* SignupView.swift */ = {isa = PBXFileReference; lastKnownFileType = sourcecode.swift; path = SignupView.swift; sourceTree = "<group>"; };
		166D045524FCBE99009373E8 /* MainView.swift */ = {isa = PBXFileReference; lastKnownFileType = sourcecode.swift; path = MainView.swift; sourceTree = "<group>"; };
		16A0C4C824E113670015DCAC /* ReservationView.swift */ = {isa = PBXFileReference; lastKnownFileType = sourcecode.swift; path = ReservationView.swift; sourceTree = "<group>"; };
		16A0C50624E627B40015DCAC /* 나인티 파킹.entitlements */ = {isa = PBXFileReference; lastKnownFileType = text.plist.entitlements; path = "나인티 파킹.entitlements"; sourceTree = "<group>"; };
		16A0C50724EB84A50015DCAC /* Extension.swift */ = {isa = PBXFileReference; lastKnownFileType = sourcecode.swift; path = Extension.swift; sourceTree = "<group>"; };
		16A0C54724F501590015DCAC /* CenterLocation.swift */ = {isa = PBXFileReference; lastKnownFileType = sourcecode.swift; path = CenterLocation.swift; sourceTree = "<group>"; };
		16A0C54924F51E5B0015DCAC /* PlaceAutocompleteSearch.swift */ = {isa = PBXFileReference; lastKnownFileType = sourcecode.swift; path = PlaceAutocompleteSearch.swift; sourceTree = "<group>"; };
		16AF295A24B6E47100836C81 /* 나인티 파킹.app */ = {isa = PBXFileReference; explicitFileType = wrapper.application; includeInIndex = 0; path = "나인티 파킹.app"; sourceTree = BUILT_PRODUCTS_DIR; };
		16AF295D24B6E47100836C81 /* AppDelegate.swift */ = {isa = PBXFileReference; lastKnownFileType = sourcecode.swift; path = AppDelegate.swift; sourceTree = "<group>"; };
		16AF295F24B6E47100836C81 /* SceneDelegate.swift */ = {isa = PBXFileReference; lastKnownFileType = sourcecode.swift; path = SceneDelegate.swift; sourceTree = "<group>"; };
		16AF296124B6E47100836C81 /* ContentView.swift */ = {isa = PBXFileReference; lastKnownFileType = sourcecode.swift; path = ContentView.swift; sourceTree = "<group>"; };
		16AF296324B6E47400836C81 /* Assets.xcassets */ = {isa = PBXFileReference; lastKnownFileType = folder.assetcatalog; path = Assets.xcassets; sourceTree = "<group>"; };
		16AF296624B6E47400836C81 /* Preview Assets.xcassets */ = {isa = PBXFileReference; lastKnownFileType = folder.assetcatalog; path = "Preview Assets.xcassets"; sourceTree = "<group>"; };
		16AF296924B6E47400836C81 /* Base */ = {isa = PBXFileReference; lastKnownFileType = file.storyboard; name = Base; path = Base.lproj/LaunchScreen.storyboard; sourceTree = "<group>"; };
		16AF296B24B6E47400836C81 /* Info.plist */ = {isa = PBXFileReference; lastKnownFileType = text.plist.xml; path = Info.plist; sourceTree = "<group>"; };
		16AF297024B6E47400836C81 /* Seoul ParkingTests.xctest */ = {isa = PBXFileReference; explicitFileType = wrapper.cfbundle; includeInIndex = 0; path = "Seoul ParkingTests.xctest"; sourceTree = BUILT_PRODUCTS_DIR; };
		16AF297424B6E47400836C81 /* Seoul_ParkingTests.swift */ = {isa = PBXFileReference; lastKnownFileType = sourcecode.swift; path = Seoul_ParkingTests.swift; sourceTree = "<group>"; };
		16AF297624B6E47400836C81 /* Info.plist */ = {isa = PBXFileReference; lastKnownFileType = text.plist.xml; path = Info.plist; sourceTree = "<group>"; };
		16AF297B24B6E47500836C81 /* Seoul ParkingUITests.xctest */ = {isa = PBXFileReference; explicitFileType = wrapper.cfbundle; includeInIndex = 0; path = "Seoul ParkingUITests.xctest"; sourceTree = BUILT_PRODUCTS_DIR; };
		16AF297F24B6E47500836C81 /* Seoul_ParkingUITests.swift */ = {isa = PBXFileReference; lastKnownFileType = sourcecode.swift; path = Seoul_ParkingUITests.swift; sourceTree = "<group>"; };
		16AF298124B6E47500836C81 /* Info.plist */ = {isa = PBXFileReference; lastKnownFileType = text.plist.xml; path = Info.plist; sourceTree = "<group>"; };
		16AF298E24B6F1C000836C81 /* Constants.swift */ = {isa = PBXFileReference; lastKnownFileType = sourcecode.swift; path = Constants.swift; sourceTree = "<group>"; };
		16AF299024B6F39800836C81 /* GoogleMapsView.swift */ = {isa = PBXFileReference; lastKnownFileType = sourcecode.swift; path = GoogleMapsView.swift; sourceTree = "<group>"; };
		16AF299224B7FAAC00836C81 /* LocationManager.swift */ = {isa = PBXFileReference; lastKnownFileType = sourcecode.swift; path = LocationManager.swift; sourceTree = "<group>"; };
		16AF299424B8236400836C81 /* MenuView.swift */ = {isa = PBXFileReference; lastKnownFileType = sourcecode.swift; path = MenuView.swift; sourceTree = "<group>"; };
		16AF299624B8319400836C81 /* GeometryGetter.swift */ = {isa = PBXFileReference; lastKnownFileType = sourcecode.swift; path = GeometryGetter.swift; sourceTree = "<group>"; };
		16BE9F1925076045009A61BD /* PaymentHistoryView.swift */ = {isa = PBXFileReference; lastKnownFileType = sourcecode.swift; path = PaymentHistoryView.swift; sourceTree = "<group>"; };
		16BE9F1B25076059009A61BD /* PayView.swift */ = {isa = PBXFileReference; lastKnownFileType = sourcecode.swift; path = PayView.swift; sourceTree = "<group>"; };
		16DC741A24BD67970036734F /* ParkingSpace.swift */ = {isa = PBXFileReference; lastKnownFileType = sourcecode.swift; path = ParkingSpace.swift; sourceTree = "<group>"; };
		16DC742F24C004380036734F /* Bridge-Header.h */ = {isa = PBXFileReference; lastKnownFileType = sourcecode.c.h; path = "Bridge-Header.h"; sourceTree = "<group>"; };
		16DC743024C004AE0036734F /* LoginView.swift */ = {isa = PBXFileReference; lastKnownFileType = sourcecode.swift; path = LoginView.swift; sourceTree = "<group>"; };
		16E8980824DBF327001907A0 /* ParkingSpaceInfoView.swift */ = {isa = PBXFileReference; lastKnownFileType = sourcecode.swift; path = ParkingSpaceInfoView.swift; sourceTree = "<group>"; };
		16E8980A24DD3179001907A0 /* AvailableHoursView.swift */ = {isa = PBXFileReference; lastKnownFileType = sourcecode.swift; path = AvailableHoursView.swift; sourceTree = "<group>"; };
		16FB34A924C54B9F007A05F9 /* KakaoOpenSDK-1.23.3 */ = {isa = PBXFileReference; lastKnownFileType = folder; path = "KakaoOpenSDK-1.23.3"; sourceTree = "<group>"; };
		16FB34AB24C54C3F007A05F9 /* KakaoOpenSDK.framework */ = {isa = PBXFileReference; lastKnownFileType = wrapper.framework; name = KakaoOpenSDK.framework; path = "KakaoOpenSDK-1.23.3/KakaoOpenSDK.framework"; sourceTree = "<group>"; };
		16FB34AF24C54C43007A05F9 /* KakaoCommon.framework */ = {isa = PBXFileReference; lastKnownFileType = wrapper.framework; name = KakaoCommon.framework; path = "KakaoOpenSDK-1.23.3/KakaoCommon.framework"; sourceTree = "<group>"; };
		16FB34B224C6C5E9007A05F9 /* EmailLoginView.swift */ = {isa = PBXFileReference; lastKnownFileType = sourcecode.swift; path = EmailLoginView.swift; sourceTree = "<group>"; };
		16FB34B424C6C868007A05F9 /* EmailSignupView.swift */ = {isa = PBXFileReference; lastKnownFileType = sourcecode.swift; path = EmailSignupView.swift; sourceTree = "<group>"; };
		16FB34B624C82493007A05F9 /* Login.swift */ = {isa = PBXFileReference; lastKnownFileType = sourcecode.swift; path = Login.swift; sourceTree = "<group>"; };
		28E882CCC71B7348256E1520 /* Pods_Seoul_Parking_Seoul_ParkingUITests.framework */ = {isa = PBXFileReference; explicitFileType = wrapper.framework; includeInIndex = 0; path = Pods_Seoul_Parking_Seoul_ParkingUITests.framework; sourceTree = BUILT_PRODUCTS_DIR; };
		2F1B5600818D5D8428C1C6B7 /* Pods_Seoul_ParkingTests.framework */ = {isa = PBXFileReference; explicitFileType = wrapper.framework; includeInIndex = 0; path = Pods_Seoul_ParkingTests.framework; sourceTree = BUILT_PRODUCTS_DIR; };
		50F5B20F0409F3F1DF7822DC /* Pods-Seoul Parking.release.xcconfig */ = {isa = PBXFileReference; includeInIndex = 1; lastKnownFileType = text.xcconfig; name = "Pods-Seoul Parking.release.xcconfig"; path = "Target Support Files/Pods-Seoul Parking/Pods-Seoul Parking.release.xcconfig"; sourceTree = "<group>"; };
		6AA55AF861CB3523A6DF3C40 /* Pods-Seoul Parking-Seoul ParkingUITests.debug.xcconfig */ = {isa = PBXFileReference; includeInIndex = 1; lastKnownFileType = text.xcconfig; name = "Pods-Seoul Parking-Seoul ParkingUITests.debug.xcconfig"; path = "Target Support Files/Pods-Seoul Parking-Seoul ParkingUITests/Pods-Seoul Parking-Seoul ParkingUITests.debug.xcconfig"; sourceTree = "<group>"; };
		813D6C65E98F6BA91F8F6F75 /* Pods-Seoul ParkingTests.debug.xcconfig */ = {isa = PBXFileReference; includeInIndex = 1; lastKnownFileType = text.xcconfig; name = "Pods-Seoul ParkingTests.debug.xcconfig"; path = "Target Support Files/Pods-Seoul ParkingTests/Pods-Seoul ParkingTests.debug.xcconfig"; sourceTree = "<group>"; };
		8FB093A83EFD4EBF1D3F33E2 /* Pods-Seoul Parking.debug.xcconfig */ = {isa = PBXFileReference; includeInIndex = 1; lastKnownFileType = text.xcconfig; name = "Pods-Seoul Parking.debug.xcconfig"; path = "Target Support Files/Pods-Seoul Parking/Pods-Seoul Parking.debug.xcconfig"; sourceTree = "<group>"; };
		E15C953799D265AF681A35E1 /* Pods-Seoul ParkingTests.release.xcconfig */ = {isa = PBXFileReference; includeInIndex = 1; lastKnownFileType = text.xcconfig; name = "Pods-Seoul ParkingTests.release.xcconfig"; path = "Target Support Files/Pods-Seoul ParkingTests/Pods-Seoul ParkingTests.release.xcconfig"; sourceTree = "<group>"; };
		EBA8D2095BD3F87044CF08AC /* Pods-Seoul Parking-Seoul ParkingUITests.release.xcconfig */ = {isa = PBXFileReference; includeInIndex = 1; lastKnownFileType = text.xcconfig; name = "Pods-Seoul Parking-Seoul ParkingUITests.release.xcconfig"; path = "Target Support Files/Pods-Seoul Parking-Seoul ParkingUITests/Pods-Seoul Parking-Seoul ParkingUITests.release.xcconfig"; sourceTree = "<group>"; };
/* End PBXFileReference section */

/* Begin PBXFrameworksBuildPhase section */
		16AF295724B6E47100836C81 /* Frameworks */ = {
			isa = PBXFrameworksBuildPhase;
			buildActionMask = 2147483647;
			files = (
				AFBE4732AFC3DCC5B54841BB /* Pods_Seoul_Parking.framework in Frameworks */,
				16FB34B024C54C43007A05F9 /* KakaoCommon.framework in Frameworks */,
				16FB34AC24C54C3F007A05F9 /* KakaoOpenSDK.framework in Frameworks */,
			);
			runOnlyForDeploymentPostprocessing = 0;
		};
		16AF296D24B6E47400836C81 /* Frameworks */ = {
			isa = PBXFrameworksBuildPhase;
			buildActionMask = 2147483647;
			files = (
				2985E8F7D900143FEDF2BEAF /* Pods_Seoul_ParkingTests.framework in Frameworks */,
			);
			runOnlyForDeploymentPostprocessing = 0;
		};
		16AF297824B6E47500836C81 /* Frameworks */ = {
			isa = PBXFrameworksBuildPhase;
			buildActionMask = 2147483647;
			files = (
				4E7E64CD6DAECF9814F0E5FE /* Pods_Seoul_Parking_Seoul_ParkingUITests.framework in Frameworks */,
			);
			runOnlyForDeploymentPostprocessing = 0;
		};
/* End PBXFrameworksBuildPhase section */

/* Begin PBXGroup section */
		161CB84324CEA1A70006DC0D /* CustomViews */ = {
			isa = PBXGroup;
			children = (
				161CB84124CE8AE50006DC0D /* NavigationConfigurator.swift */,
			);
			path = CustomViews;
			sourceTree = "<group>";
		};
		16AF295124B6E47100836C81 = {
			isa = PBXGroup;
			children = (
				16AF295C24B6E47100836C81 /* Seoul Parking */,
				16AF297324B6E47400836C81 /* Seoul ParkingTests */,
				16AF297E24B6E47500836C81 /* Seoul ParkingUITests */,
				16AF295B24B6E47100836C81 /* Products */,
				5247B840F3BF2E5E92EE7AFD /* Pods */,
				6D3DDA96D3B0F167D73EFFE9 /* Frameworks */,
			);
			sourceTree = "<group>";
		};
		16AF295B24B6E47100836C81 /* Products */ = {
			isa = PBXGroup;
			children = (
				16AF295A24B6E47100836C81 /* 나인티 파킹.app */,
				16AF297024B6E47400836C81 /* Seoul ParkingTests.xctest */,
				16AF297B24B6E47500836C81 /* Seoul ParkingUITests.xctest */,
			);
			name = Products;
			sourceTree = "<group>";
		};
		16AF295C24B6E47100836C81 /* Seoul Parking */ = {
			isa = PBXGroup;
			children = (
				16A0C50624E627B40015DCAC /* 나인티 파킹.entitlements */,
				16AF295D24B6E47100836C81 /* AppDelegate.swift */,
				16AF296324B6E47400836C81 /* Assets.xcassets */,
				16E8980A24DD3179001907A0 /* AvailableHoursView.swift */,
				16DC742F24C004380036734F /* Bridge-Header.h */,
				16AF296124B6E47100836C81 /* ContentView.swift */,
				161CB84324CEA1A70006DC0D /* CustomViews */,
				16FB34B224C6C5E9007A05F9 /* EmailLoginView.swift */,
				16AF299624B8319400836C81 /* GeometryGetter.swift */,
				16AF299024B6F39800836C81 /* GoogleMapsView.swift */,
				16AF296B24B6E47400836C81 /* Info.plist */,
				16AF296824B6E47400836C81 /* LaunchScreen.storyboard */,
				16AF299224B7FAAC00836C81 /* LocationManager.swift */,
				16DC743024C004AE0036734F /* LoginView.swift */,
				1661D66324FE3F3700AF56E7 /* SignupView.swift */,
				16AF299424B8236400836C81 /* MenuView.swift */,
				16DC741724BD67570036734F /* Models */,
				16E8980824DBF327001907A0 /* ParkingSpaceInfoView.swift */,
				16AF296524B6E47400836C81 /* Preview Content */,
				16A0C4C824E113670015DCAC /* ReservationView.swift */,
				16AF295F24B6E47100836C81 /* SceneDelegate.swift */,
				16FB34B424C6C868007A05F9 /* EmailSignupView.swift */,
				16AF298D24B6F19D00836C81 /* Util */,
				16A0C54924F51E5B0015DCAC /* PlaceAutocompleteSearch.swift */,
				16A0C54724F501590015DCAC /* CenterLocation.swift */,
				166D045524FCBE99009373E8 /* MainView.swift */,
				16BE9F1925076045009A61BD /* PaymentHistoryView.swift */,
				16BE9F1B25076059009A61BD /* PayView.swift */,
			);
			path = "Seoul Parking";
			sourceTree = "<group>";
		};
		16AF296524B6E47400836C81 /* Preview Content */ = {
			isa = PBXGroup;
			children = (
				16AF296624B6E47400836C81 /* Preview Assets.xcassets */,
			);
			path = "Preview Content";
			sourceTree = "<group>";
		};
		16AF297324B6E47400836C81 /* Seoul ParkingTests */ = {
			isa = PBXGroup;
			children = (
				16AF297424B6E47400836C81 /* Seoul_ParkingTests.swift */,
				16AF297624B6E47400836C81 /* Info.plist */,
			);
			path = "Seoul ParkingTests";
			sourceTree = "<group>";
		};
		16AF297E24B6E47500836C81 /* Seoul ParkingUITests */ = {
			isa = PBXGroup;
			children = (
				16AF297F24B6E47500836C81 /* Seoul_ParkingUITests.swift */,
				16AF298124B6E47500836C81 /* Info.plist */,
			);
			path = "Seoul ParkingUITests";
			sourceTree = "<group>";
		};
		16AF298D24B6F19D00836C81 /* Util */ = {
			isa = PBXGroup;
			children = (
				16AF298E24B6F1C000836C81 /* Constants.swift */,
				161CB84624CFC06D0006DC0D /* UserInfo.swift */,
				16A0C50724EB84A50015DCAC /* Extension.swift */,
			);
			path = Util;
			sourceTree = "<group>";
		};
		16DC741724BD67570036734F /* Models */ = {
			isa = PBXGroup;
			children = (
				16DC741A24BD67970036734F /* ParkingSpace.swift */,
				16FB34B624C82493007A05F9 /* Login.swift */,
			);
			path = Models;
			sourceTree = "<group>";
		};
		5247B840F3BF2E5E92EE7AFD /* Pods */ = {
			isa = PBXGroup;
			children = (
				8FB093A83EFD4EBF1D3F33E2 /* Pods-Seoul Parking.debug.xcconfig */,
				50F5B20F0409F3F1DF7822DC /* Pods-Seoul Parking.release.xcconfig */,
				6AA55AF861CB3523A6DF3C40 /* Pods-Seoul Parking-Seoul ParkingUITests.debug.xcconfig */,
				EBA8D2095BD3F87044CF08AC /* Pods-Seoul Parking-Seoul ParkingUITests.release.xcconfig */,
				813D6C65E98F6BA91F8F6F75 /* Pods-Seoul ParkingTests.debug.xcconfig */,
				E15C953799D265AF681A35E1 /* Pods-Seoul ParkingTests.release.xcconfig */,
			);
			path = Pods;
			sourceTree = "<group>";
		};
		6D3DDA96D3B0F167D73EFFE9 /* Frameworks */ = {
			isa = PBXGroup;
			children = (
				16FB34A924C54B9F007A05F9 /* KakaoOpenSDK-1.23.3 */,
				16FB34AB24C54C3F007A05F9 /* KakaoOpenSDK.framework */,
				16FB34AF24C54C43007A05F9 /* KakaoCommon.framework */,
				0BC94EEE0F54808490DC1D45 /* Pods_Seoul_Parking.framework */,
				28E882CCC71B7348256E1520 /* Pods_Seoul_Parking_Seoul_ParkingUITests.framework */,
				2F1B5600818D5D8428C1C6B7 /* Pods_Seoul_ParkingTests.framework */,
			);
			name = Frameworks;
			sourceTree = "<group>";
		};
/* End PBXGroup section */

/* Begin PBXNativeTarget section */
		16AF295924B6E47100836C81 /* Seoul Parking */ = {
			isa = PBXNativeTarget;
			buildConfigurationList = 16AF298424B6E47500836C81 /* Build configuration list for PBXNativeTarget "Seoul Parking" */;
			buildPhases = (
				EEBD2CC621B321C02D7E266C /* [CP] Check Pods Manifest.lock */,
				16AF295624B6E47100836C81 /* Sources */,
				16AF295724B6E47100836C81 /* Frameworks */,
				16AF295824B6E47100836C81 /* Resources */,
				ABF670645C80BD151FCA333E /* [CP] Copy Pods Resources */,
				ACAF0A1566D7DF2EDB5B1285 /* [CP] Embed Pods Frameworks */,
				16FB34AE24C54C40007A05F9 /* Embed Frameworks */,
			);
			buildRules = (
			);
			dependencies = (
			);
			name = "Seoul Parking";
			productName = "Seoul Parking";
			productReference = 16AF295A24B6E47100836C81 /* 나인티 파킹.app */;
			productType = "com.apple.product-type.application";
		};
		16AF296F24B6E47400836C81 /* Seoul ParkingTests */ = {
			isa = PBXNativeTarget;
			buildConfigurationList = 16AF298724B6E47500836C81 /* Build configuration list for PBXNativeTarget "Seoul ParkingTests" */;
			buildPhases = (
				84754077D352EB30157CF6B6 /* [CP] Check Pods Manifest.lock */,
				16AF296C24B6E47400836C81 /* Sources */,
				16AF296D24B6E47400836C81 /* Frameworks */,
				16AF296E24B6E47400836C81 /* Resources */,
			);
			buildRules = (
			);
			dependencies = (
				16AF297224B6E47400836C81 /* PBXTargetDependency */,
			);
			name = "Seoul ParkingTests";
			productName = "Seoul ParkingTests";
			productReference = 16AF297024B6E47400836C81 /* Seoul ParkingTests.xctest */;
			productType = "com.apple.product-type.bundle.unit-test";
		};
		16AF297A24B6E47500836C81 /* Seoul ParkingUITests */ = {
			isa = PBXNativeTarget;
			buildConfigurationList = 16AF298A24B6E47500836C81 /* Build configuration list for PBXNativeTarget "Seoul ParkingUITests" */;
			buildPhases = (
				507B39683B94394982C314CB /* [CP] Check Pods Manifest.lock */,
				16AF297724B6E47500836C81 /* Sources */,
				16AF297824B6E47500836C81 /* Frameworks */,
				16AF297924B6E47500836C81 /* Resources */,
				A21DEB87A04A4FF6B553051A /* [CP] Copy Pods Resources */,
				893C3D6DCCA35AE117EE115F /* [CP] Embed Pods Frameworks */,
			);
			buildRules = (
			);
			dependencies = (
				16AF297D24B6E47500836C81 /* PBXTargetDependency */,
			);
			name = "Seoul ParkingUITests";
			productName = "Seoul ParkingUITests";
			productReference = 16AF297B24B6E47500836C81 /* Seoul ParkingUITests.xctest */;
			productType = "com.apple.product-type.bundle.ui-testing";
		};
/* End PBXNativeTarget section */

/* Begin PBXProject section */
		16AF295224B6E47100836C81 /* Project object */ = {
			isa = PBXProject;
			attributes = {
				LastSwiftUpdateCheck = 1150;
				LastUpgradeCheck = 1150;
				ORGANIZATIONNAME = "Chiduk Studio";
				TargetAttributes = {
					16AF295924B6E47100836C81 = {
						CreatedOnToolsVersion = 11.5;
					};
					16AF296F24B6E47400836C81 = {
						CreatedOnToolsVersion = 11.5;
						TestTargetID = 16AF295924B6E47100836C81;
					};
					16AF297A24B6E47500836C81 = {
						CreatedOnToolsVersion = 11.5;
						TestTargetID = 16AF295924B6E47100836C81;
					};
				};
			};
			buildConfigurationList = 16AF295524B6E47100836C81 /* Build configuration list for PBXProject "Seoul Parking" */;
			compatibilityVersion = "Xcode 9.3";
			developmentRegion = en;
			hasScannedForEncodings = 0;
			knownRegions = (
				en,
				Base,
			);
			mainGroup = 16AF295124B6E47100836C81;
			productRefGroup = 16AF295B24B6E47100836C81 /* Products */;
			projectDirPath = "";
			projectRoot = "";
			targets = (
				16AF295924B6E47100836C81 /* Seoul Parking */,
				16AF296F24B6E47400836C81 /* Seoul ParkingTests */,
				16AF297A24B6E47500836C81 /* Seoul ParkingUITests */,
			);
		};
/* End PBXProject section */

/* Begin PBXResourcesBuildPhase section */
		16AF295824B6E47100836C81 /* Resources */ = {
			isa = PBXResourcesBuildPhase;
			buildActionMask = 2147483647;
			files = (
				16FB34AA24C54B9F007A05F9 /* KakaoOpenSDK-1.23.3 in Resources */,
				16AF296A24B6E47400836C81 /* LaunchScreen.storyboard in Resources */,
				16AF296724B6E47400836C81 /* Preview Assets.xcassets in Resources */,
				16AF296424B6E47400836C81 /* Assets.xcassets in Resources */,
			);
			runOnlyForDeploymentPostprocessing = 0;
		};
		16AF296E24B6E47400836C81 /* Resources */ = {
			isa = PBXResourcesBuildPhase;
			buildActionMask = 2147483647;
			files = (
			);
			runOnlyForDeploymentPostprocessing = 0;
		};
		16AF297924B6E47500836C81 /* Resources */ = {
			isa = PBXResourcesBuildPhase;
			buildActionMask = 2147483647;
			files = (
			);
			runOnlyForDeploymentPostprocessing = 0;
		};
/* End PBXResourcesBuildPhase section */

/* Begin PBXShellScriptBuildPhase section */
		507B39683B94394982C314CB /* [CP] Check Pods Manifest.lock */ = {
			isa = PBXShellScriptBuildPhase;
			buildActionMask = 2147483647;
			files = (
			);
			inputFileListPaths = (
			);
			inputPaths = (
				"${PODS_PODFILE_DIR_PATH}/Podfile.lock",
				"${PODS_ROOT}/Manifest.lock",
			);
			name = "[CP] Check Pods Manifest.lock";
			outputFileListPaths = (
			);
			outputPaths = (
				"$(DERIVED_FILE_DIR)/Pods-Seoul Parking-Seoul ParkingUITests-checkManifestLockResult.txt",
			);
			runOnlyForDeploymentPostprocessing = 0;
			shellPath = /bin/sh;
			shellScript = "diff \"${PODS_PODFILE_DIR_PATH}/Podfile.lock\" \"${PODS_ROOT}/Manifest.lock\" > /dev/null\nif [ $? != 0 ] ; then\n    # print error to STDERR\n    echo \"error: The sandbox is not in sync with the Podfile.lock. Run 'pod install' or update your CocoaPods installation.\" >&2\n    exit 1\nfi\n# This output is used by Xcode 'outputs' to avoid re-running this script phase.\necho \"SUCCESS\" > \"${SCRIPT_OUTPUT_FILE_0}\"\n";
			showEnvVarsInLog = 0;
		};
		84754077D352EB30157CF6B6 /* [CP] Check Pods Manifest.lock */ = {
			isa = PBXShellScriptBuildPhase;
			buildActionMask = 2147483647;
			files = (
			);
			inputFileListPaths = (
			);
			inputPaths = (
				"${PODS_PODFILE_DIR_PATH}/Podfile.lock",
				"${PODS_ROOT}/Manifest.lock",
			);
			name = "[CP] Check Pods Manifest.lock";
			outputFileListPaths = (
			);
			outputPaths = (
				"$(DERIVED_FILE_DIR)/Pods-Seoul ParkingTests-checkManifestLockResult.txt",
			);
			runOnlyForDeploymentPostprocessing = 0;
			shellPath = /bin/sh;
			shellScript = "diff \"${PODS_PODFILE_DIR_PATH}/Podfile.lock\" \"${PODS_ROOT}/Manifest.lock\" > /dev/null\nif [ $? != 0 ] ; then\n    # print error to STDERR\n    echo \"error: The sandbox is not in sync with the Podfile.lock. Run 'pod install' or update your CocoaPods installation.\" >&2\n    exit 1\nfi\n# This output is used by Xcode 'outputs' to avoid re-running this script phase.\necho \"SUCCESS\" > \"${SCRIPT_OUTPUT_FILE_0}\"\n";
			showEnvVarsInLog = 0;
		};
		893C3D6DCCA35AE117EE115F /* [CP] Embed Pods Frameworks */ = {
			isa = PBXShellScriptBuildPhase;
			buildActionMask = 2147483647;
			files = (
			);
			inputFileListPaths = (
				"${PODS_ROOT}/Target Support Files/Pods-Seoul Parking-Seoul ParkingUITests/Pods-Seoul Parking-Seoul ParkingUITests-frameworks-${CONFIGURATION}-input-files.xcfilelist",
			);
			name = "[CP] Embed Pods Frameworks";
			outputFileListPaths = (
				"${PODS_ROOT}/Target Support Files/Pods-Seoul Parking-Seoul ParkingUITests/Pods-Seoul Parking-Seoul ParkingUITests-frameworks-${CONFIGURATION}-output-files.xcfilelist",
			);
			runOnlyForDeploymentPostprocessing = 0;
			shellPath = /bin/sh;
			shellScript = "\"${PODS_ROOT}/Target Support Files/Pods-Seoul Parking-Seoul ParkingUITests/Pods-Seoul Parking-Seoul ParkingUITests-frameworks.sh\"\n";
			showEnvVarsInLog = 0;
		};
		A21DEB87A04A4FF6B553051A /* [CP] Copy Pods Resources */ = {
			isa = PBXShellScriptBuildPhase;
			buildActionMask = 2147483647;
			files = (
			);
			inputFileListPaths = (
				"${PODS_ROOT}/Target Support Files/Pods-Seoul Parking-Seoul ParkingUITests/Pods-Seoul Parking-Seoul ParkingUITests-resources-${CONFIGURATION}-input-files.xcfilelist",
			);
			name = "[CP] Copy Pods Resources";
			outputFileListPaths = (
				"${PODS_ROOT}/Target Support Files/Pods-Seoul Parking-Seoul ParkingUITests/Pods-Seoul Parking-Seoul ParkingUITests-resources-${CONFIGURATION}-output-files.xcfilelist",
			);
			runOnlyForDeploymentPostprocessing = 0;
			shellPath = /bin/sh;
			shellScript = "\"${PODS_ROOT}/Target Support Files/Pods-Seoul Parking-Seoul ParkingUITests/Pods-Seoul Parking-Seoul ParkingUITests-resources.sh\"\n";
			showEnvVarsInLog = 0;
		};
		ABF670645C80BD151FCA333E /* [CP] Copy Pods Resources */ = {
			isa = PBXShellScriptBuildPhase;
			buildActionMask = 2147483647;
			files = (
			);
			inputFileListPaths = (
				"${PODS_ROOT}/Target Support Files/Pods-Seoul Parking/Pods-Seoul Parking-resources-${CONFIGURATION}-input-files.xcfilelist",
			);
			name = "[CP] Copy Pods Resources";
			outputFileListPaths = (
				"${PODS_ROOT}/Target Support Files/Pods-Seoul Parking/Pods-Seoul Parking-resources-${CONFIGURATION}-output-files.xcfilelist",
			);
			runOnlyForDeploymentPostprocessing = 0;
			shellPath = /bin/sh;
			shellScript = "\"${PODS_ROOT}/Target Support Files/Pods-Seoul Parking/Pods-Seoul Parking-resources.sh\"\n";
			showEnvVarsInLog = 0;
		};
		ACAF0A1566D7DF2EDB5B1285 /* [CP] Embed Pods Frameworks */ = {
			isa = PBXShellScriptBuildPhase;
			buildActionMask = 2147483647;
			files = (
			);
			inputFileListPaths = (
				"${PODS_ROOT}/Target Support Files/Pods-Seoul Parking/Pods-Seoul Parking-frameworks-${CONFIGURATION}-input-files.xcfilelist",
			);
			name = "[CP] Embed Pods Frameworks";
			outputFileListPaths = (
				"${PODS_ROOT}/Target Support Files/Pods-Seoul Parking/Pods-Seoul Parking-frameworks-${CONFIGURATION}-output-files.xcfilelist",
			);
			runOnlyForDeploymentPostprocessing = 0;
			shellPath = /bin/sh;
			shellScript = "\"${PODS_ROOT}/Target Support Files/Pods-Seoul Parking/Pods-Seoul Parking-frameworks.sh\"\n";
			showEnvVarsInLog = 0;
		};
		EEBD2CC621B321C02D7E266C /* [CP] Check Pods Manifest.lock */ = {
			isa = PBXShellScriptBuildPhase;
			buildActionMask = 2147483647;
			files = (
			);
			inputFileListPaths = (
			);
			inputPaths = (
				"${PODS_PODFILE_DIR_PATH}/Podfile.lock",
				"${PODS_ROOT}/Manifest.lock",
			);
			name = "[CP] Check Pods Manifest.lock";
			outputFileListPaths = (
			);
			outputPaths = (
				"$(DERIVED_FILE_DIR)/Pods-Seoul Parking-checkManifestLockResult.txt",
			);
			runOnlyForDeploymentPostprocessing = 0;
			shellPath = /bin/sh;
			shellScript = "diff \"${PODS_PODFILE_DIR_PATH}/Podfile.lock\" \"${PODS_ROOT}/Manifest.lock\" > /dev/null\nif [ $? != 0 ] ; then\n    # print error to STDERR\n    echo \"error: The sandbox is not in sync with the Podfile.lock. Run 'pod install' or update your CocoaPods installation.\" >&2\n    exit 1\nfi\n# This output is used by Xcode 'outputs' to avoid re-running this script phase.\necho \"SUCCESS\" > \"${SCRIPT_OUTPUT_FILE_0}\"\n";
			showEnvVarsInLog = 0;
		};
/* End PBXShellScriptBuildPhase section */

/* Begin PBXSourcesBuildPhase section */
		16AF295624B6E47100836C81 /* Sources */ = {
			isa = PBXSourcesBuildPhase;
			buildActionMask = 2147483647;
			files = (
				16E8980B24DD3179001907A0 /* AvailableHoursView.swift in Sources */,
				16A0C4C924E113670015DCAC /* ReservationView.swift in Sources */,
				16FB34B524C6C868007A05F9 /* EmailSignupView.swift in Sources */,
				16AF299524B8236400836C81 /* MenuView.swift in Sources */,
				16BE9F1A25076045009A61BD /* PaymentHistoryView.swift in Sources */,
				16FB34B724C82493007A05F9 /* Login.swift in Sources */,
				16AF295E24B6E47100836C81 /* AppDelegate.swift in Sources */,
				16A0C54824F501590015DCAC /* CenterLocation.swift in Sources */,
				166D045624FCBE99009373E8 /* MainView.swift in Sources */,
				16E8980924DBF327001907A0 /* ParkingSpaceInfoView.swift in Sources */,
				16AF299124B6F39800836C81 /* GoogleMapsView.swift in Sources */,
				16AF299324B7FAAC00836C81 /* LocationManager.swift in Sources */,
				16AF296024B6E47100836C81 /* SceneDelegate.swift in Sources */,
				16FB34B324C6C5E9007A05F9 /* EmailLoginView.swift in Sources */,
				16AF296224B6E47100836C81 /* ContentView.swift in Sources */,
				16AF299724B8319400836C81 /* GeometryGetter.swift in Sources */,
				16BE9F1C25076059009A61BD /* PayView.swift in Sources */,
				16A0C50824EB84A50015DCAC /* Extension.swift in Sources */,
				16DC741B24BD67970036734F /* ParkingSpace.swift in Sources */,
				16DC743124C004AE0036734F /* LoginView.swift in Sources */,
				161CB84224CE8AE50006DC0D /* NavigationConfigurator.swift in Sources */,
				161CB84724CFC06D0006DC0D /* UserInfo.swift in Sources */,
				16AF298F24B6F1C000836C81 /* Constants.swift in Sources */,
				16A0C54A24F51E5B0015DCAC /* PlaceAutocompleteSearch.swift in Sources */,
				1661D66424FE3F3700AF56E7 /* SignupView.swift in Sources */,
			);
			runOnlyForDeploymentPostprocessing = 0;
		};
		16AF296C24B6E47400836C81 /* Sources */ = {
			isa = PBXSourcesBuildPhase;
			buildActionMask = 2147483647;
			files = (
				16AF297524B6E47400836C81 /* Seoul_ParkingTests.swift in Sources */,
			);
			runOnlyForDeploymentPostprocessing = 0;
		};
		16AF297724B6E47500836C81 /* Sources */ = {
			isa = PBXSourcesBuildPhase;
			buildActionMask = 2147483647;
			files = (
				16AF298024B6E47500836C81 /* Seoul_ParkingUITests.swift in Sources */,
			);
			runOnlyForDeploymentPostprocessing = 0;
		};
/* End PBXSourcesBuildPhase section */

/* Begin PBXTargetDependency section */
		16AF297224B6E47400836C81 /* PBXTargetDependency */ = {
			isa = PBXTargetDependency;
			target = 16AF295924B6E47100836C81 /* Seoul Parking */;
			targetProxy = 16AF297124B6E47400836C81 /* PBXContainerItemProxy */;
		};
		16AF297D24B6E47500836C81 /* PBXTargetDependency */ = {
			isa = PBXTargetDependency;
			target = 16AF295924B6E47100836C81 /* Seoul Parking */;
			targetProxy = 16AF297C24B6E47500836C81 /* PBXContainerItemProxy */;
		};
/* End PBXTargetDependency section */

/* Begin PBXVariantGroup section */
		16AF296824B6E47400836C81 /* LaunchScreen.storyboard */ = {
			isa = PBXVariantGroup;
			children = (
				16AF296924B6E47400836C81 /* Base */,
			);
			name = LaunchScreen.storyboard;
			sourceTree = "<group>";
		};
/* End PBXVariantGroup section */

/* Begin XCBuildConfiguration section */
		16AF298224B6E47500836C81 /* Debug */ = {
			isa = XCBuildConfiguration;
			buildSettings = {
				ALWAYS_SEARCH_USER_PATHS = NO;
				CLANG_ANALYZER_NONNULL = YES;
				CLANG_ANALYZER_NUMBER_OBJECT_CONVERSION = YES_AGGRESSIVE;
				CLANG_CXX_LANGUAGE_STANDARD = "gnu++14";
				CLANG_CXX_LIBRARY = "libc++";
				CLANG_ENABLE_MODULES = YES;
				CLANG_ENABLE_OBJC_ARC = YES;
				CLANG_ENABLE_OBJC_WEAK = YES;
				CLANG_WARN_BLOCK_CAPTURE_AUTORELEASING = YES;
				CLANG_WARN_BOOL_CONVERSION = YES;
				CLANG_WARN_COMMA = YES;
				CLANG_WARN_CONSTANT_CONVERSION = YES;
				CLANG_WARN_DEPRECATED_OBJC_IMPLEMENTATIONS = YES;
				CLANG_WARN_DIRECT_OBJC_ISA_USAGE = YES_ERROR;
				CLANG_WARN_DOCUMENTATION_COMMENTS = YES;
				CLANG_WARN_EMPTY_BODY = YES;
				CLANG_WARN_ENUM_CONVERSION = YES;
				CLANG_WARN_INFINITE_RECURSION = YES;
				CLANG_WARN_INT_CONVERSION = YES;
				CLANG_WARN_NON_LITERAL_NULL_CONVERSION = YES;
				CLANG_WARN_OBJC_IMPLICIT_RETAIN_SELF = YES;
				CLANG_WARN_OBJC_LITERAL_CONVERSION = YES;
				CLANG_WARN_OBJC_ROOT_CLASS = YES_ERROR;
				CLANG_WARN_RANGE_LOOP_ANALYSIS = YES;
				CLANG_WARN_STRICT_PROTOTYPES = YES;
				CLANG_WARN_SUSPICIOUS_MOVE = YES;
				CLANG_WARN_UNGUARDED_AVAILABILITY = YES_AGGRESSIVE;
				CLANG_WARN_UNREACHABLE_CODE = YES;
				CLANG_WARN__DUPLICATE_METHOD_MATCH = YES;
				COPY_PHASE_STRIP = NO;
				DEBUG_INFORMATION_FORMAT = dwarf;
				ENABLE_STRICT_OBJC_MSGSEND = YES;
				ENABLE_TESTABILITY = YES;
				GCC_C_LANGUAGE_STANDARD = gnu11;
				GCC_DYNAMIC_NO_PIC = NO;
				GCC_NO_COMMON_BLOCKS = YES;
				GCC_OPTIMIZATION_LEVEL = 0;
				GCC_PREPROCESSOR_DEFINITIONS = (
					"DEBUG=1",
					"$(inherited)",
				);
				GCC_WARN_64_TO_32_BIT_CONVERSION = YES;
				GCC_WARN_ABOUT_RETURN_TYPE = YES_ERROR;
				GCC_WARN_UNDECLARED_SELECTOR = YES;
				GCC_WARN_UNINITIALIZED_AUTOS = YES_AGGRESSIVE;
				GCC_WARN_UNUSED_FUNCTION = YES;
				GCC_WARN_UNUSED_VARIABLE = YES;
				IPHONEOS_DEPLOYMENT_TARGET = 13.5;
				MTL_ENABLE_DEBUG_INFO = INCLUDE_SOURCE;
				MTL_FAST_MATH = YES;
				ONLY_ACTIVE_ARCH = YES;
				SDKROOT = iphoneos;
				SWIFT_ACTIVE_COMPILATION_CONDITIONS = DEBUG;
				SWIFT_OPTIMIZATION_LEVEL = "-Onone";
			};
			name = Debug;
		};
		16AF298324B6E47500836C81 /* Release */ = {
			isa = XCBuildConfiguration;
			buildSettings = {
				ALWAYS_SEARCH_USER_PATHS = NO;
				CLANG_ANALYZER_NONNULL = YES;
				CLANG_ANALYZER_NUMBER_OBJECT_CONVERSION = YES_AGGRESSIVE;
				CLANG_CXX_LANGUAGE_STANDARD = "gnu++14";
				CLANG_CXX_LIBRARY = "libc++";
				CLANG_ENABLE_MODULES = YES;
				CLANG_ENABLE_OBJC_ARC = YES;
				CLANG_ENABLE_OBJC_WEAK = YES;
				CLANG_WARN_BLOCK_CAPTURE_AUTORELEASING = YES;
				CLANG_WARN_BOOL_CONVERSION = YES;
				CLANG_WARN_COMMA = YES;
				CLANG_WARN_CONSTANT_CONVERSION = YES;
				CLANG_WARN_DEPRECATED_OBJC_IMPLEMENTATIONS = YES;
				CLANG_WARN_DIRECT_OBJC_ISA_USAGE = YES_ERROR;
				CLANG_WARN_DOCUMENTATION_COMMENTS = YES;
				CLANG_WARN_EMPTY_BODY = YES;
				CLANG_WARN_ENUM_CONVERSION = YES;
				CLANG_WARN_INFINITE_RECURSION = YES;
				CLANG_WARN_INT_CONVERSION = YES;
				CLANG_WARN_NON_LITERAL_NULL_CONVERSION = YES;
				CLANG_WARN_OBJC_IMPLICIT_RETAIN_SELF = YES;
				CLANG_WARN_OBJC_LITERAL_CONVERSION = YES;
				CLANG_WARN_OBJC_ROOT_CLASS = YES_ERROR;
				CLANG_WARN_RANGE_LOOP_ANALYSIS = YES;
				CLANG_WARN_STRICT_PROTOTYPES = YES;
				CLANG_WARN_SUSPICIOUS_MOVE = YES;
				CLANG_WARN_UNGUARDED_AVAILABILITY = YES_AGGRESSIVE;
				CLANG_WARN_UNREACHABLE_CODE = YES;
				CLANG_WARN__DUPLICATE_METHOD_MATCH = YES;
				COPY_PHASE_STRIP = NO;
				DEBUG_INFORMATION_FORMAT = "dwarf-with-dsym";
				ENABLE_NS_ASSERTIONS = NO;
				ENABLE_STRICT_OBJC_MSGSEND = YES;
				GCC_C_LANGUAGE_STANDARD = gnu11;
				GCC_NO_COMMON_BLOCKS = YES;
				GCC_WARN_64_TO_32_BIT_CONVERSION = YES;
				GCC_WARN_ABOUT_RETURN_TYPE = YES_ERROR;
				GCC_WARN_UNDECLARED_SELECTOR = YES;
				GCC_WARN_UNINITIALIZED_AUTOS = YES_AGGRESSIVE;
				GCC_WARN_UNUSED_FUNCTION = YES;
				GCC_WARN_UNUSED_VARIABLE = YES;
				IPHONEOS_DEPLOYMENT_TARGET = 13.5;
				MTL_ENABLE_DEBUG_INFO = NO;
				MTL_FAST_MATH = YES;
				SDKROOT = iphoneos;
				SWIFT_COMPILATION_MODE = wholemodule;
				SWIFT_OPTIMIZATION_LEVEL = "-O";
				VALIDATE_PRODUCT = YES;
			};
			name = Release;
		};
		16AF298524B6E47500836C81 /* Debug */ = {
			isa = XCBuildConfiguration;
			baseConfigurationReference = 8FB093A83EFD4EBF1D3F33E2 /* Pods-Seoul Parking.debug.xcconfig */;
			buildSettings = {
				ASSETCATALOG_COMPILER_APPICON_NAME = AppIcon;
				CODE_SIGN_ENTITLEMENTS = "Seoul Parking/나인티 파킹.entitlements";
				CODE_SIGN_STYLE = Automatic;
				DEVELOPMENT_ASSET_PATHS = "\"Seoul Parking/Preview Content\"";
				DEVELOPMENT_TEAM = WSZS5D6635;
				ENABLE_PREVIEWS = YES;
				FRAMEWORK_SEARCH_PATHS = (
					"$(inherited)",
					"$(PROJECT_DIR)/KakaoOpenSDK-1.23.3",
				);
				INFOPLIST_FILE = "Seoul Parking/Info.plist";
				LD_RUNPATH_SEARCH_PATHS = (
					"$(inherited)",
					"@executable_path/Frameworks",
				);
				OTHER_LDFLAGS = (
					"$(inherited)",
					"-ObjC",
					"-l\"c++\"",
					"-l\"z\"",
					"-framework",
					"\"Accelerate\"",
					"-framework",
					"\"CoreData\"",
					"-framework",
					"\"CoreGraphics\"",
					"-framework",
					"\"CoreImage\"",
					"-framework",
					"\"CoreLocation\"",
					"-framework",
					"\"CoreTelephony\"",
					"-framework",
					"\"CoreText\"",
					"-framework",
					"\"Foundation\"",
					"-framework",
					"\"GLKit\"",
					"-framework",
					"\"GoogleMaps\"",
					"-framework",
					"\"GoogleMapsBase\"",
					"-framework",
					"\"GoogleMapsCore\"",
					"-framework",
					"\"GooglePlaces\"",
					"-framework",
					"\"ImageIO\"",
					"-framework",
					"\"Metal\"",
					"-framework",
					"\"NaverThirdPartyLogin\"",
					"-framework",
					"\"OpenGLES\"",
					"-framework",
					"\"QuartzCore\"",
					"-framework",
					"\"SafariServices\"",
					"-framework",
					"\"Security\"",
					"-framework",
					"\"SystemConfiguration\"",
					"-framework",
					"\"UIKit\"",
					"-all_load",
				);
				PRODUCT_BUNDLE_IDENTIFIER = kr.co.ninety.parking;
				PRODUCT_NAME = "나인티 파킹";
				SWIFT_OBJC_BRIDGING_HEADER = "Seoul Parking/Bridge-Header.h";
				SWIFT_VERSION = 5.0;
				TARGETED_DEVICE_FAMILY = "1,2";
			};
			name = Debug;
		};
		16AF298624B6E47500836C81 /* Release */ = {
			isa = XCBuildConfiguration;
			baseConfigurationReference = 50F5B20F0409F3F1DF7822DC /* Pods-Seoul Parking.release.xcconfig */;
			buildSettings = {
				ASSETCATALOG_COMPILER_APPICON_NAME = AppIcon;
				CODE_SIGN_ENTITLEMENTS = "Seoul Parking/나인티 파킹.entitlements";
				CODE_SIGN_STYLE = Automatic;
				DEVELOPMENT_ASSET_PATHS = "\"Seoul Parking/Preview Content\"";
				DEVELOPMENT_TEAM = WSZS5D6635;
				ENABLE_PREVIEWS = YES;
				FRAMEWORK_SEARCH_PATHS = (
					"$(inherited)",
					"$(PROJECT_DIR)/KakaoOpenSDK-1.23.3",
				);
				INFOPLIST_FILE = "Seoul Parking/Info.plist";
				LD_RUNPATH_SEARCH_PATHS = (
					"$(inherited)",
					"@executable_path/Frameworks",
				);
				OTHER_LDFLAGS = (
					"$(inherited)",
					"-ObjC",
					"-l\"c++\"",
					"-l\"z\"",
					"-framework",
					"\"Accelerate\"",
					"-framework",
					"\"CoreData\"",
					"-framework",
					"\"CoreGraphics\"",
					"-framework",
					"\"CoreImage\"",
					"-framework",
					"\"CoreLocation\"",
					"-framework",
					"\"CoreTelephony\"",
					"-framework",
					"\"CoreText\"",
					"-framework",
					"\"Foundation\"",
					"-framework",
					"\"GLKit\"",
					"-framework",
					"\"GoogleMaps\"",
					"-framework",
					"\"GoogleMapsBase\"",
					"-framework",
					"\"GoogleMapsCore\"",
					"-framework",
					"\"GooglePlaces\"",
					"-framework",
					"\"ImageIO\"",
					"-framework",
					"\"Metal\"",
					"-framework",
					"\"NaverThirdPartyLogin\"",
					"-framework",
					"\"OpenGLES\"",
					"-framework",
					"\"QuartzCore\"",
					"-framework",
					"\"SafariServices\"",
					"-framework",
					"\"Security\"",
					"-framework",
					"\"SystemConfiguration\"",
					"-framework",
					"\"UIKit\"",
					"-all_load",
				);
				PRODUCT_BUNDLE_IDENTIFIER = kr.co.ninety.parking;
				PRODUCT_NAME = "나인티 파킹";
				SWIFT_OBJC_BRIDGING_HEADER = "Seoul Parking/Bridge-Header.h";
				SWIFT_VERSION = 5.0;
				TARGETED_DEVICE_FAMILY = "1,2";
			};
			name = Release;
		};
		16AF298824B6E47500836C81 /* Debug */ = {
			isa = XCBuildConfiguration;
			baseConfigurationReference = 813D6C65E98F6BA91F8F6F75 /* Pods-Seoul ParkingTests.debug.xcconfig */;
			buildSettings = {
				ALWAYS_EMBED_SWIFT_STANDARD_LIBRARIES = YES;
				BUNDLE_LOADER = "$(TEST_HOST)";
				CODE_SIGN_STYLE = Automatic;
				DEVELOPMENT_TEAM = 58G8BCN36Z;
				INFOPLIST_FILE = "Seoul ParkingTests/Info.plist";
				IPHONEOS_DEPLOYMENT_TARGET = 13.5;
				LD_RUNPATH_SEARCH_PATHS = (
					"$(inherited)",
					"@executable_path/Frameworks",
					"@loader_path/Frameworks",
				);
				PRODUCT_BUNDLE_IDENTIFIER = "seoul.parking.lot.Seoul-ParkingTests";
				PRODUCT_NAME = "$(TARGET_NAME)";
				SWIFT_VERSION = 5.0;
				TARGETED_DEVICE_FAMILY = "1,2";
				TEST_HOST = "$(BUILT_PRODUCTS_DIR)/Seoul Parking.app/Seoul Parking";
			};
			name = Debug;
		};
		16AF298924B6E47500836C81 /* Release */ = {
			isa = XCBuildConfiguration;
			baseConfigurationReference = E15C953799D265AF681A35E1 /* Pods-Seoul ParkingTests.release.xcconfig */;
			buildSettings = {
				ALWAYS_EMBED_SWIFT_STANDARD_LIBRARIES = YES;
				BUNDLE_LOADER = "$(TEST_HOST)";
				CODE_SIGN_STYLE = Automatic;
				DEVELOPMENT_TEAM = 58G8BCN36Z;
				INFOPLIST_FILE = "Seoul ParkingTests/Info.plist";
				IPHONEOS_DEPLOYMENT_TARGET = 13.5;
				LD_RUNPATH_SEARCH_PATHS = (
					"$(inherited)",
					"@executable_path/Frameworks",
					"@loader_path/Frameworks",
				);
				PRODUCT_BUNDLE_IDENTIFIER = "seoul.parking.lot.Seoul-ParkingTests";
				PRODUCT_NAME = "$(TARGET_NAME)";
				SWIFT_VERSION = 5.0;
				TARGETED_DEVICE_FAMILY = "1,2";
				TEST_HOST = "$(BUILT_PRODUCTS_DIR)/Seoul Parking.app/Seoul Parking";
			};
			name = Release;
		};
		16AF298B24B6E47500836C81 /* Debug */ = {
			isa = XCBuildConfiguration;
			baseConfigurationReference = 6AA55AF861CB3523A6DF3C40 /* Pods-Seoul Parking-Seoul ParkingUITests.debug.xcconfig */;
			buildSettings = {
				ALWAYS_EMBED_SWIFT_STANDARD_LIBRARIES = YES;
				CODE_SIGN_STYLE = Automatic;
				DEVELOPMENT_TEAM = 58G8BCN36Z;
				INFOPLIST_FILE = "Seoul ParkingUITests/Info.plist";
				LD_RUNPATH_SEARCH_PATHS = (
					"$(inherited)",
					"@executable_path/Frameworks",
					"@loader_path/Frameworks",
				);
				PRODUCT_BUNDLE_IDENTIFIER = "seoul.parking.lot.Seoul-ParkingUITests";
				PRODUCT_NAME = "$(TARGET_NAME)";
				SWIFT_VERSION = 5.0;
				TARGETED_DEVICE_FAMILY = "1,2";
				TEST_TARGET_NAME = "Seoul Parking";
			};
			name = Debug;
		};
		16AF298C24B6E47500836C81 /* Release */ = {
			isa = XCBuildConfiguration;
			baseConfigurationReference = EBA8D2095BD3F87044CF08AC /* Pods-Seoul Parking-Seoul ParkingUITests.release.xcconfig */;
			buildSettings = {
				ALWAYS_EMBED_SWIFT_STANDARD_LIBRARIES = YES;
				CODE_SIGN_STYLE = Automatic;
				DEVELOPMENT_TEAM = 58G8BCN36Z;
				INFOPLIST_FILE = "Seoul ParkingUITests/Info.plist";
				LD_RUNPATH_SEARCH_PATHS = (
					"$(inherited)",
					"@executable_path/Frameworks",
					"@loader_path/Frameworks",
				);
				PRODUCT_BUNDLE_IDENTIFIER = "seoul.parking.lot.Seoul-ParkingUITests";
				PRODUCT_NAME = "$(TARGET_NAME)";
				SWIFT_VERSION = 5.0;
				TARGETED_DEVICE_FAMILY = "1,2";
				TEST_TARGET_NAME = "Seoul Parking";
			};
			name = Release;
		};
/* End XCBuildConfiguration section */

/* Begin XCConfigurationList section */
		16AF295524B6E47100836C81 /* Build configuration list for PBXProject "Seoul Parking" */ = {
			isa = XCConfigurationList;
			buildConfigurations = (
				16AF298224B6E47500836C81 /* Debug */,
				16AF298324B6E47500836C81 /* Release */,
			);
			defaultConfigurationIsVisible = 0;
			defaultConfigurationName = Release;
		};
		16AF298424B6E47500836C81 /* Build configuration list for PBXNativeTarget "Seoul Parking" */ = {
			isa = XCConfigurationList;
			buildConfigurations = (
				16AF298524B6E47500836C81 /* Debug */,
				16AF298624B6E47500836C81 /* Release */,
			);
			defaultConfigurationIsVisible = 0;
			defaultConfigurationName = Release;
		};
		16AF298724B6E47500836C81 /* Build configuration list for PBXNativeTarget "Seoul ParkingTests" */ = {
			isa = XCConfigurationList;
			buildConfigurations = (
				16AF298824B6E47500836C81 /* Debug */,
				16AF298924B6E47500836C81 /* Release */,
			);
			defaultConfigurationIsVisible = 0;
			defaultConfigurationName = Release;
		};
		16AF298A24B6E47500836C81 /* Build configuration list for PBXNativeTarget "Seoul ParkingUITests" */ = {
			isa = XCConfigurationList;
			buildConfigurations = (
				16AF298B24B6E47500836C81 /* Debug */,
				16AF298C24B6E47500836C81 /* Release */,
			);
			defaultConfigurationIsVisible = 0;
			defaultConfigurationName = Release;
		};
/* End XCConfigurationList section */
	};
	rootObject = 16AF295224B6E47100836C81 /* Project object */;
}
